
Microsoft Visual Studio Solution File, Format Version 12.00
# Visual Studio Version 17
VisualStudioVersion = 17.7.34031.279
MinimumVisualStudioVersion = 10.0.40219.1
Project("{FAE04EC0-301F-11D3-BF4B-00C04F79EFBC}") = "StudentManagementSystem", "StudentManagementSystem\StudentManagementSystem.csproj", "{94174D0E-C3A6-41C7-8621-46E23C7922DA}"
EndProject
Global
	GlobalSection(SolutionConfigurationPlatforms) = preSolution
		Debug|Any CPU = Debug|Any CPU
		Release|Any CPU = Release|Any CPU
	EndGlobalSection
	GlobalSection(ProjectConfigurationPlatforms) = postSolution
		{94174D0E-C3A6-41C7-8621-46E23C7922DA}.Debug|Any CPU.ActiveCfg = Debug|Any CPU
		{94174D0E-C3A6-41C7-8621-46E23C7922DA}.Debug|Any CPU.Build.0 = Debug|Any CPU
		{94174D0E-C3A6-41C7-8621-46E23C7922DA}.Release|Any CPU.ActiveCfg = Release|Any CPU
		{94174D0E-C3A6-41C7-8621-46E23C7922DA}.Release|Any CPU.Build.0 = Release|Any CPU
	EndGlobalSection
	GlobalSection(SolutionProperties) = preSolution
		HideSolutionNode = FALSE
	EndGlobalSection
	GlobalSection(ExtensibilityGlobals) = postSolution
		SolutionGuid = {0C6167EC-CDB5-48F9-8A29-32B7413453E7}
	EndGlobalSection
EndGlobal
